
Microsoft Visual Studio Solution File, Format Version 12.00
# Visual Studio Version 17
VisualStudioVersion = 17.12.35506.116 d17.12
MinimumVisualStudioVersion = 10.0.40219.1
Project("{FAE04EC0-301F-11D3-BF4B-00C04F79EFBC}") = "RPMS24_WebApp", "RPMS24_WebApp\RPMS24_WebApp\RPMS24_WebApp.csproj", "{26DB687E-D575-4722-A2A8-EC23CB805690}"
EndProject
Project("{FAE04EC0-301F-11D3-BF4B-00C04F79EFBC}") = "RPMS24_WebApp.Client", "RPMS24_WebApp\RPMS24_WebApp.Client\RPMS24_WebApp.Client.csproj", "{7BBAD92C-2C87-4A60-9004-74319CAEA134}"
EndProject
Global
	GlobalSection(SolutionConfigurationPlatforms) = preSolution
		Debug|Any CPU = Debug|Any CPU
		Release|Any CPU = Release|Any CPU
	EndGlobalSection
	GlobalSection(ProjectConfigurationPlatforms) = postSolution
		{26DB687E-D575-4722-A2A8-EC23CB805690}.Debug|Any CPU.ActiveCfg = Debug|Any CPU
		{26DB687E-D575-4722-A2A8-EC23CB805690}.Debug|Any CPU.Build.0 = Debug|Any CPU
		{26DB687E-D575-4722-A2A8-EC23CB805690}.Release|Any CPU.ActiveCfg = Release|Any CPU
		{26DB687E-D575-4722-A2A8-EC23CB805690}.Release|Any CPU.Build.0 = Release|Any CPU
		{7BBAD92C-2C87-4A60-9004-74319CAEA134}.Debug|Any CPU.ActiveCfg = Debug|Any CPU
		{7BBAD92C-2C87-4A60-9004-74319CAEA134}.Debug|Any CPU.Build.0 = Debug|Any CPU
		{7BBAD92C-2C87-4A60-9004-74319CAEA134}.Release|Any CPU.ActiveCfg = Release|Any CPU
		{7BBAD92C-2C87-4A60-9004-74319CAEA134}.Release|Any CPU.Build.0 = Release|Any CPU
	EndGlobalSection
	GlobalSection(SolutionProperties) = preSolution
		HideSolutionNode = FALSE
	EndGlobalSection
EndGlobal
