
Microsoft Visual Studio Solution File, Format Version 12.00
# Visual Studio Version 17
VisualStudioVersion = 17.1.32421.90
MinimumVisualStudioVersion = 10.0.40219.1
Project("{FAE04EC0-301F-11D3-BF4B-00C04F79EFBC}") = "BlazorWAapp.Server", "BlazorWAapp\Server\BlazorWAapp.Server.csproj", "{9CC0F834-D1BA-4D5C-A880-AAFB305B67A1}"
EndProject
Project("{FAE04EC0-301F-11D3-BF4B-00C04F79EFBC}") = "BlazorWAapp.Client", "BlazorWAapp\Client\BlazorWAapp.Client.csproj", "{48818C7A-0B3E-431E-AFAA-F972A9C52328}"
EndProject
Project("{FAE04EC0-301F-11D3-BF4B-00C04F79EFBC}") = "BlazorWAapp.Shared", "BlazorWAapp\Shared\BlazorWAapp.Shared.csproj", "{9FD93268-AB5B-4028-A95E-70D0B471FF0D}"
EndProject
Global
	GlobalSection(SolutionConfigurationPlatforms) = preSolution
		Debug|Any CPU = Debug|Any CPU
		Release|Any CPU = Release|Any CPU
	EndGlobalSection
	GlobalSection(ProjectConfigurationPlatforms) = postSolution
		{9CC0F834-D1BA-4D5C-A880-AAFB305B67A1}.Debug|Any CPU.ActiveCfg = Debug|Any CPU
		{9CC0F834-D1BA-4D5C-A880-AAFB305B67A1}.Debug|Any CPU.Build.0 = Debug|Any CPU
		{9CC0F834-D1BA-4D5C-A880-AAFB305B67A1}.Release|Any CPU.ActiveCfg = Release|Any CPU
		{9CC0F834-D1BA-4D5C-A880-AAFB305B67A1}.Release|Any CPU.Build.0 = Release|Any CPU
		{48818C7A-0B3E-431E-AFAA-F972A9C52328}.Debug|Any CPU.ActiveCfg = Debug|Any CPU
		{48818C7A-0B3E-431E-AFAA-F972A9C52328}.Debug|Any CPU.Build.0 = Debug|Any CPU
		{48818C7A-0B3E-431E-AFAA-F972A9C52328}.Release|Any CPU.ActiveCfg = Release|Any CPU
		{48818C7A-0B3E-431E-AFAA-F972A9C52328}.Release|Any CPU.Build.0 = Release|Any CPU
		{9FD93268-AB5B-4028-A95E-70D0B471FF0D}.Debug|Any CPU.ActiveCfg = Debug|Any CPU
		{9FD93268-AB5B-4028-A95E-70D0B471FF0D}.Debug|Any CPU.Build.0 = Debug|Any CPU
		{9FD93268-AB5B-4028-A95E-70D0B471FF0D}.Release|Any CPU.ActiveCfg = Release|Any CPU
		{9FD93268-AB5B-4028-A95E-70D0B471FF0D}.Release|Any CPU.Build.0 = Release|Any CPU
	EndGlobalSection
	GlobalSection(SolutionProperties) = preSolution
		HideSolutionNode = FALSE
	EndGlobalSection
	GlobalSection(ExtensibilityGlobals) = postSolution
		SolutionGuid = {790A0F61-BAFE-4A14-90D8-459124949D54}
	EndGlobalSection
EndGlobal
