
Microsoft Visual Studio Solution File, Format Version 12.00
# Visual Studio Version 17
VisualStudioVersion = 17.3.32929.385
MinimumVisualStudioVersion = 10.0.40219.1
Project("{FAE04EC0-301F-11D3-BF4B-00C04F79EFBC}") = "BlazorTrainDapper", "BlazorTrainDapper\BlazorTrainDapper.csproj", "{3AE8EC36-C901-4886-A241-8517FCB29D55}"
EndProject
Global
	GlobalSection(SolutionConfigurationPlatforms) = preSolution
		Debug|Any CPU = Debug|Any CPU
		Release|Any CPU = Release|Any CPU
	EndGlobalSection
	GlobalSection(ProjectConfigurationPlatforms) = postSolution
		{3AE8EC36-C901-4886-A241-8517FCB29D55}.Debug|Any CPU.ActiveCfg = Debug|Any CPU
		{3AE8EC36-C901-4886-A241-8517FCB29D55}.Debug|Any CPU.Build.0 = Debug|Any CPU
		{3AE8EC36-C901-4886-A241-8517FCB29D55}.Release|Any CPU.ActiveCfg = Release|Any CPU
		{3AE8EC36-C901-4886-A241-8517FCB29D55}.Release|Any CPU.Build.0 = Release|Any CPU
	EndGlobalSection
	GlobalSection(SolutionProperties) = preSolution
		HideSolutionNode = FALSE
	EndGlobalSection
	GlobalSection(ExtensibilityGlobals) = postSolution
		SolutionGuid = {49D72D5A-22A6-42C2-ABCE-AB144776CAB3}
	EndGlobalSection
EndGlobal
