
Microsoft Visual Studio Solution File, Format Version 12.00
# Visual Studio Version 17
VisualStudioVersion = 17.12.35527.113 d17.12
MinimumVisualStudioVersion = 10.0.40219.1
Project("{FAE04EC0-301F-11D3-BF4B-00C04F79EFBC}") = "RPMS2005_V3", "RPMS2005_V3\RPMS2005_V3\RPMS2005_V3.csproj", "{EB7B40C5-60F3-4A9E-9D8D-A005992F8808}"
EndProject
Project("{FAE04EC0-301F-11D3-BF4B-00C04F79EFBC}") = "RPMS2005_V3.Client", "RPMS2005_V3\RPMS2005_V3.Client\RPMS2005_V3.Client.csproj", "{376A9B39-2805-4A70-ABA5-1992C1BEF47D}"
EndProject
Global
	GlobalSection(SolutionConfigurationPlatforms) = preSolution
		Debug|Any CPU = Debug|Any CPU
		Release|Any CPU = Release|Any CPU
	EndGlobalSection
	GlobalSection(ProjectConfigurationPlatforms) = postSolution
		{EB7B40C5-60F3-4A9E-9D8D-A005992F8808}.Debug|Any CPU.ActiveCfg = Debug|Any CPU
		{EB7B40C5-60F3-4A9E-9D8D-A005992F8808}.Debug|Any CPU.Build.0 = Debug|Any CPU
		{EB7B40C5-60F3-4A9E-9D8D-A005992F8808}.Release|Any CPU.ActiveCfg = Release|Any CPU
		{EB7B40C5-60F3-4A9E-9D8D-A005992F8808}.Release|Any CPU.Build.0 = Release|Any CPU
		{376A9B39-2805-4A70-ABA5-1992C1BEF47D}.Debug|Any CPU.ActiveCfg = Debug|Any CPU
		{376A9B39-2805-4A70-ABA5-1992C1BEF47D}.Debug|Any CPU.Build.0 = Debug|Any CPU
		{376A9B39-2805-4A70-ABA5-1992C1BEF47D}.Release|Any CPU.ActiveCfg = Release|Any CPU
		{376A9B39-2805-4A70-ABA5-1992C1BEF47D}.Release|Any CPU.Build.0 = Release|Any CPU
	EndGlobalSection
	GlobalSection(SolutionProperties) = preSolution
		HideSolutionNode = FALSE
	EndGlobalSection
EndGlobal
