
Microsoft Visual Studio Solution File, Format Version 12.00
# Visual Studio Version 17
VisualStudioVersion = 17.3.32929.385
MinimumVisualStudioVersion = 10.0.40219.1
Project("{FAE04EC0-301F-11D3-BF4B-00C04F79EFBC}") = "RPMS_SF", "RPMS_SF\RPMS_SF.csproj", "{4828E34A-BE6B-48D9-84F6-E7FB62C34348}"
EndProject
Global
	GlobalSection(SolutionConfigurationPlatforms) = preSolution
		Debug|Any CPU = Debug|Any CPU
		Release|Any CPU = Release|Any CPU
	EndGlobalSection
	GlobalSection(ProjectConfigurationPlatforms) = postSolution
		{4828E34A-BE6B-48D9-84F6-E7FB62C34348}.Debug|Any CPU.ActiveCfg = Debug|Any CPU
		{4828E34A-BE6B-48D9-84F6-E7FB62C34348}.Debug|Any CPU.Build.0 = Debug|Any CPU
		{4828E34A-BE6B-48D9-84F6-E7FB62C34348}.Release|Any CPU.ActiveCfg = Release|Any CPU
		{4828E34A-BE6B-48D9-84F6-E7FB62C34348}.Release|Any CPU.Build.0 = Release|Any CPU
	EndGlobalSection
	GlobalSection(SolutionProperties) = preSolution
		HideSolutionNode = FALSE
	EndGlobalSection
	GlobalSection(ExtensibilityGlobals) = postSolution
		SolutionGuid = {17CA8685-E901-4E03-A0B0-B28C33FE8E6C}
	EndGlobalSection
EndGlobal
