Microsoft Visual Studio Solution File, Format Version 12.00
# Visual Studio Version 17
VisualStudioVersion = 17.12.35527.113 d17.12
MinimumVisualStudioVersion = 10.0.40219.1
Project("{FAE04EC0-301F-11D3-BF4B-00C04F79EFBC}") = "AspireApp1.AppHost", "AspireApp1.AppHost\AspireApp1.AppHost.csproj", "{88ECC593-FF1E-4723-B325-BDDEF0D9332E}"
EndProject
Project("{FAE04EC0-301F-11D3-BF4B-00C04F79EFBC}") = "AspireApp1.ServiceDefaults", "AspireApp1.ServiceDefaults\AspireApp1.ServiceDefaults.csproj", "{5AB39203-1838-4877-BAC7-026FEEE0EDF9}"
EndProject
Project("{FAE04EC0-301F-11D3-BF4B-00C04F79EFBC}") = "AspireApp1.ApiService", "AspireApp1.ApiService\AspireApp1.ApiService.csproj", "{7D426639-7EBF-4002-81CC-804E55215BE3}"
EndProject
Project("{FAE04EC0-301F-11D3-BF4B-00C04F79EFBC}") = "AspireApp1.Web", "AspireApp1.Web\AspireApp1.Web.csproj", "{C99DB5C9-438D-480C-BF24-2EFE4F57A054}"
EndProject
Global
	GlobalSection(SolutionConfigurationPlatforms) = preSolution
		Debug|Any CPU = Debug|Any CPU
		Release|Any CPU = Release|Any CPU
	EndGlobalSection
	GlobalSection(ProjectConfigurationPlatforms) = postSolution
		{88ECC593-FF1E-4723-B325-BDDEF0D9332E}.Debug|Any CPU.ActiveCfg = Debug|Any CPU
		{88ECC593-FF1E-4723-B325-BDDEF0D9332E}.Debug|Any CPU.Build.0 = Debug|Any CPU
		{88ECC593-FF1E-4723-B325-BDDEF0D9332E}.Release|Any CPU.ActiveCfg = Release|Any CPU
		{88ECC593-FF1E-4723-B325-BDDEF0D9332E}.Release|Any CPU.Build.0 = Release|Any CPU
		{5AB39203-1838-4877-BAC7-026FEEE0EDF9}.Debug|Any CPU.ActiveCfg = Debug|Any CPU
		{5AB39203-1838-4877-BAC7-026FEEE0EDF9}.Debug|Any CPU.Build.0 = Debug|Any CPU
		{5AB39203-1838-4877-BAC7-026FEEE0EDF9}.Release|Any CPU.ActiveCfg = Release|Any CPU
		{5AB39203-1838-4877-BAC7-026FEEE0EDF9}.Release|Any CPU.Build.0 = Release|Any CPU
		{7D426639-7EBF-4002-81CC-804E55215BE3}.Debug|Any CPU.ActiveCfg = Debug|Any CPU
		{7D426639-7EBF-4002-81CC-804E55215BE3}.Debug|Any CPU.Build.0 = Debug|Any CPU
		{7D426639-7EBF-4002-81CC-804E55215BE3}.Release|Any CPU.ActiveCfg = Release|Any CPU
		{7D426639-7EBF-4002-81CC-804E55215BE3}.Release|Any CPU.Build.0 = Release|Any CPU
		{C99DB5C9-438D-480C-BF24-2EFE4F57A054}.Debug|Any CPU.ActiveCfg = Debug|Any CPU
		{C99DB5C9-438D-480C-BF24-2EFE4F57A054}.Debug|Any CPU.Build.0 = Debug|Any CPU
		{C99DB5C9-438D-480C-BF24-2EFE4F57A054}.Release|Any CPU.ActiveCfg = Release|Any CPU
		{C99DB5C9-438D-480C-BF24-2EFE4F57A054}.Release|Any CPU.Build.0 = Release|Any CPU
	EndGlobalSection
	GlobalSection(SolutionProperties) = preSolution
		HideSolutionNode = FALSE
	EndGlobalSection
EndGlobal
