
Microsoft Visual Studio Solution File, Format Version 12.00
# Visual Studio Version 17
VisualStudioVersion = 17.2.32505.173
MinimumVisualStudioVersion = 10.0.40219.1
Project("{9A19103F-16F7-4668-BE54-9A1E7A4F7556}") = "RPMS.2022", "RPMS.2022\RPMS.2022.csproj", "{0733B857-D87B-4D76-B9D5-6FD7E821B9B2}"
EndProject
Project("{FAE04EC0-301F-11D3-BF4B-00C04F79EFBC}") = "RPMS.DataModels", "RPMS.DataModels\RPMS.DataModels.csproj", "{FC513353-EC3E-4E69-B959-FEF2DA89324F}"
EndProject
Project("{FAE04EC0-301F-11D3-BF4B-00C04F79EFBC}") = "RPMS.BusinessLogic", "RPMS.BusinessLogic\RPMS.BusinessLogic.csproj", "{F6B661DC-45F7-4B49-8A95-7322BB571E31}"
EndProject
Project("{FAE04EC0-301F-11D3-BF4B-00C04F79EFBC}") = "RPMS.API", "RPMS.API\RPMS.API.csproj", "{06418026-4D7A-478E-8F14-774B84164CB8}"
EndProject
Global
	GlobalSection(SolutionConfigurationPlatforms) = preSolution
		Debug|Any CPU = Debug|Any CPU
		Release|Any CPU = Release|Any CPU
	EndGlobalSection
	GlobalSection(ProjectConfigurationPlatforms) = postSolution
		{0733B857-D87B-4D76-B9D5-6FD7E821B9B2}.Debug|Any CPU.ActiveCfg = Debug|Any CPU
		{0733B857-D87B-4D76-B9D5-6FD7E821B9B2}.Debug|Any CPU.Build.0 = Debug|Any CPU
		{0733B857-D87B-4D76-B9D5-6FD7E821B9B2}.Release|Any CPU.ActiveCfg = Release|Any CPU
		{0733B857-D87B-4D76-B9D5-6FD7E821B9B2}.Release|Any CPU.Build.0 = Release|Any CPU
		{FC513353-EC3E-4E69-B959-FEF2DA89324F}.Debug|Any CPU.ActiveCfg = Debug|Any CPU
		{FC513353-EC3E-4E69-B959-FEF2DA89324F}.Debug|Any CPU.Build.0 = Debug|Any CPU
		{FC513353-EC3E-4E69-B959-FEF2DA89324F}.Release|Any CPU.ActiveCfg = Release|Any CPU
		{FC513353-EC3E-4E69-B959-FEF2DA89324F}.Release|Any CPU.Build.0 = Release|Any CPU
		{F6B661DC-45F7-4B49-8A95-7322BB571E31}.Debug|Any CPU.ActiveCfg = Debug|Any CPU
		{F6B661DC-45F7-4B49-8A95-7322BB571E31}.Debug|Any CPU.Build.0 = Debug|Any CPU
		{F6B661DC-45F7-4B49-8A95-7322BB571E31}.Release|Any CPU.ActiveCfg = Release|Any CPU
		{F6B661DC-45F7-4B49-8A95-7322BB571E31}.Release|Any CPU.Build.0 = Release|Any CPU
		{06418026-4D7A-478E-8F14-774B84164CB8}.Debug|Any CPU.ActiveCfg = Debug|Any CPU
		{06418026-4D7A-478E-8F14-774B84164CB8}.Debug|Any CPU.Build.0 = Debug|Any CPU
		{06418026-4D7A-478E-8F14-774B84164CB8}.Release|Any CPU.ActiveCfg = Release|Any CPU
		{06418026-4D7A-478E-8F14-774B84164CB8}.Release|Any CPU.Build.0 = Release|Any CPU
	EndGlobalSection
	GlobalSection(SolutionProperties) = preSolution
		HideSolutionNode = FALSE
	EndGlobalSection
	GlobalSection(ExtensibilityGlobals) = postSolution
		SolutionGuid = {5A7A39BB-A8B6-4177-9AE8-C63DF77D7C63}
	EndGlobalSection
EndGlobal
