
Microsoft Visual Studio Solution File, Format Version 12.00
# Visual Studio Version 17
VisualStudioVersion = 17.1.32421.90
MinimumVisualStudioVersion = 10.0.40219.1
Project("{FAE04EC0-301F-11D3-BF4B-00C04F79EFBC}") = "MyBlazorWAapp_SF", "MyBlazorWAapp_SF\MyBlazorWAapp_SF.csproj", "{E07C39F8-490D-4E7A-9754-AF739F64DD44}"
EndProject
Global
	GlobalSection(SolutionConfigurationPlatforms) = preSolution
		Debug|Any CPU = Debug|Any CPU
		Release|Any CPU = Release|Any CPU
	EndGlobalSection
	GlobalSection(ProjectConfigurationPlatforms) = postSolution
		{E07C39F8-490D-4E7A-9754-AF739F64DD44}.Debug|Any CPU.ActiveCfg = Debug|Any CPU
		{E07C39F8-490D-4E7A-9754-AF739F64DD44}.Debug|Any CPU.Build.0 = Debug|Any CPU
		{E07C39F8-490D-4E7A-9754-AF739F64DD44}.Release|Any CPU.ActiveCfg = Release|Any CPU
		{E07C39F8-490D-4E7A-9754-AF739F64DD44}.Release|Any CPU.Build.0 = Release|Any CPU
	EndGlobalSection
	GlobalSection(SolutionProperties) = preSolution
		HideSolutionNode = FALSE
	EndGlobalSection
	GlobalSection(ExtensibilityGlobals) = postSolution
		SolutionGuid = {64F09555-81EA-453E-830A-3F26663DE236}
	EndGlobalSection
EndGlobal
