
Microsoft Visual Studio Solution File, Format Version 12.00
# Visual Studio Version 17
VisualStudioVersion = 17.11.35312.102
MinimumVisualStudioVersion = 10.0.40219.1
Project("{FAE04EC0-301F-11D3-BF4B-00C04F79EFBC}") = "MauiApp3", "MauiApp3\MauiApp3.csproj", "{779F3812-9B7E-4B88-8D9D-554E64C57FA2}"
EndProject
Global
	GlobalSection(SolutionConfigurationPlatforms) = preSolution
		Debug|Any CPU = Debug|Any CPU
		Release|Any CPU = Release|Any CPU
	EndGlobalSection
	GlobalSection(ProjectConfigurationPlatforms) = postSolution
		{779F3812-9B7E-4B88-8D9D-554E64C57FA2}.Debug|Any CPU.ActiveCfg = Debug|Any CPU
		{779F3812-9B7E-4B88-8D9D-554E64C57FA2}.Debug|Any CPU.Build.0 = Debug|Any CPU
		{779F3812-9B7E-4B88-8D9D-554E64C57FA2}.Debug|Any CPU.Deploy.0 = Debug|Any CPU
		{779F3812-9B7E-4B88-8D9D-554E64C57FA2}.Release|Any CPU.ActiveCfg = Release|Any CPU
		{779F3812-9B7E-4B88-8D9D-554E64C57FA2}.Release|Any CPU.Build.0 = Release|Any CPU
		{779F3812-9B7E-4B88-8D9D-554E64C57FA2}.Release|Any CPU.Deploy.0 = Release|Any CPU
	EndGlobalSection
	GlobalSection(SolutionProperties) = preSolution
		HideSolutionNode = FALSE
	EndGlobalSection
	GlobalSection(ExtensibilityGlobals) = postSolution
		SolutionGuid = {B76EA014-D0AB-4197-B15A-FAF579837070}
	EndGlobalSection
EndGlobal
